
Microsoft Visual Studio Solution File, Format Version 12.00
# Visual Studio 15
VisualStudioVersion = 15.0.28010.2026
MinimumVisualStudioVersion = 10.0.40219.1
Project("{E24C65DC-7377-472B-9ABA-BC803B73C61A}") = "3ColumnLayout", "3ColumnLayout\", "{B4A5E97A-A2F7-4D02-9375-0124B781D994}"
	ProjectSection(WebsiteProperties) = preProject
		TargetFrameworkMoniker = ".NETFramework,Version%3Dv4.0"
		Debug.AspNetCompiler.VirtualPath = "/localhost_9885"
		Debug.AspNetCompiler.PhysicalPath = "E:\COMP215\lab04 css3\3ColumnLayout\"
		Debug.AspNetCompiler.TargetPath = "PrecompiledWeb\localhost_9885\"
		Debug.AspNetCompiler.Updateable = "true"
		Debug.AspNetCompiler.ForceOverwrite = "true"
		Debug.AspNetCompiler.FixedNames = "false"
		Debug.AspNetCompiler.Debug = "True"
		Release.AspNetCompiler.VirtualPath = "/localhost_9885"
		Release.AspNetCompiler.PhysicalPath = "E:\COMP215\lab04 css3\3ColumnLayout\"
		Release.AspNetCompiler.TargetPath = "PrecompiledWeb\localhost_9885\"
		Release.AspNetCompiler.Updateable = "true"
		Release.AspNetCompiler.ForceOverwrite = "true"
		Release.AspNetCompiler.FixedNames = "false"
		Release.AspNetCompiler.Debug = "False"
		VWDPort = "9885"
	EndProjectSection
EndProject
Global
	GlobalSection(SolutionConfigurationPlatforms) = preSolution
		Debug|Any CPU = Debug|Any CPU
	EndGlobalSection
	GlobalSection(ProjectConfigurationPlatforms) = postSolution
		{B4A5E97A-A2F7-4D02-9375-0124B781D994}.Debug|Any CPU.ActiveCfg = Debug|Any CPU
		{B4A5E97A-A2F7-4D02-9375-0124B781D994}.Debug|Any CPU.Build.0 = Debug|Any CPU
	EndGlobalSection
	GlobalSection(SolutionProperties) = preSolution
		HideSolutionNode = FALSE
	EndGlobalSection
	GlobalSection(ExtensibilityGlobals) = postSolution
		SolutionGuid = {46B81BC5-8AD2-4DC4-B2FA-FA77F6AC5EEE}
	EndGlobalSection
EndGlobal
